
Microsoft Visual Studio Solution File, Format Version 12.00
# Visual Studio Version 17
VisualStudioVersion = 17.10.35122.118
MinimumVisualStudioVersion = 10.0.40219.1
Project("{FAE04EC0-301F-11D3-BF4B-00C04F79EFBC}") = "FinalAPI", "FinalAPI\FinalAPI.csproj", "{BC286F7A-AB43-44A1-A3AD-13E94EF053DC}"
EndProject
Project("{FAE04EC0-301F-11D3-BF4B-00C04F79EFBC}") = "DAL", "DAL\DAL.csproj", "{ADC26203-3A6F-468D-BBA6-6C11B708F444}"
EndProject
Global
	GlobalSection(SolutionConfigurationPlatforms) = preSolution
		Debug|Any CPU = Debug|Any CPU
		Release|Any CPU = Release|Any CPU
	EndGlobalSection
	GlobalSection(ProjectConfigurationPlatforms) = postSolution
		{BC286F7A-AB43-44A1-A3AD-13E94EF053DC}.Debug|Any CPU.ActiveCfg = Debug|Any CPU
		{BC286F7A-AB43-44A1-A3AD-13E94EF053DC}.Debug|Any CPU.Build.0 = Debug|Any CPU
		{BC286F7A-AB43-44A1-A3AD-13E94EF053DC}.Release|Any CPU.ActiveCfg = Release|Any CPU
		{BC286F7A-AB43-44A1-A3AD-13E94EF053DC}.Release|Any CPU.Build.0 = Release|Any CPU
		{ADC26203-3A6F-468D-BBA6-6C11B708F444}.Debug|Any CPU.ActiveCfg = Debug|Any CPU
		{ADC26203-3A6F-468D-BBA6-6C11B708F444}.Debug|Any CPU.Build.0 = Debug|Any CPU
		{ADC26203-3A6F-468D-BBA6-6C11B708F444}.Release|Any CPU.ActiveCfg = Release|Any CPU
		{ADC26203-3A6F-468D-BBA6-6C11B708F444}.Release|Any CPU.Build.0 = Release|Any CPU
	EndGlobalSection
	GlobalSection(SolutionProperties) = preSolution
		HideSolutionNode = FALSE
	EndGlobalSection
	GlobalSection(ExtensibilityGlobals) = postSolution
		SolutionGuid = {60E57847-DCA7-4443-ADA4-17B70AC87C63}
	EndGlobalSection
EndGlobal
