
Microsoft Visual Studio Solution File, Format Version 12.00
# Visual Studio Version 17
VisualStudioVersion = 17.10.35122.118
MinimumVisualStudioVersion = 10.0.40219.1
Project("{FAE04EC0-301F-11D3-BF4B-00C04F79EFBC}") = "Lec2", "Lec2\Lec2.csproj", "{8DB886D3-C25C-4C06-B5F2-A2760A7EFE06}"
EndProject
Global
	GlobalSection(SolutionConfigurationPlatforms) = preSolution
		Debug|Any CPU = Debug|Any CPU
		Release|Any CPU = Release|Any CPU
	EndGlobalSection
	GlobalSection(ProjectConfigurationPlatforms) = postSolution
		{8DB886D3-C25C-4C06-B5F2-A2760A7EFE06}.Debug|Any CPU.ActiveCfg = Debug|Any CPU
		{8DB886D3-C25C-4C06-B5F2-A2760A7EFE06}.Debug|Any CPU.Build.0 = Debug|Any CPU
		{8DB886D3-C25C-4C06-B5F2-A2760A7EFE06}.Release|Any CPU.ActiveCfg = Release|Any CPU
		{8DB886D3-C25C-4C06-B5F2-A2760A7EFE06}.Release|Any CPU.Build.0 = Release|Any CPU
	EndGlobalSection
	GlobalSection(SolutionProperties) = preSolution
		HideSolutionNode = FALSE
	EndGlobalSection
	GlobalSection(ExtensibilityGlobals) = postSolution
		SolutionGuid = {24C0540D-1829-459B-B2E2-0854DC05FFBC}
	EndGlobalSection
EndGlobal
